# THIS IS AN AUTOGENERATED FILE. DO NOT EDIT THIS FILE DIRECTLY.
# yarn lockfile v1


"@prisma/debug@2.10.0-integration-query-engine-native-types.1":
  version "2.10.0-integration-query-engine-native-types.1"
  resolved "https://registry.yarnpkg.com/@prisma/debug/-/debug-2.10.0-integration-query-engine-native-types.1.tgz#18a979107860f8c1d71f99bf6fe02f2b1ebbc986"
  integrity sha512-J0gXrRcFtUCSKTWa1Skdjv+DJnj8TAEemz2taKxAAA/N+LtFs9Fg8XZh8LxxOBGiVA/FBejtibtBDz8Wt51UNA==
  dependencies:
    debug "^4.1.1"

"@prisma/debug@^2.9.0":
  version "2.9.0"
  resolved "https://registry.yarnpkg.com/@prisma/debug/-/debug-2.9.0.tgz#6b2d176f3ae587499bea5eef0e304181d7561775"
  integrity sha512-Z76oG/vKC8ohdcBSwLt0eu09h+AAEam0lj0JGD9Ijx6NfsdKj+gTZ8CH+IR7+f4aWB38QRzkJRs33jzQDT41Jw==
  dependencies:
    debug "^4.1.1"

"@prisma/get-platform@^2.10.0-dev":
  version "2.10.0-integration-query-engine-native-types.1"
  resolved "https://registry.yarnpkg.com/@prisma/get-platform/-/get-platform-2.10.0-integration-query-engine-native-types.1.tgz#896a546f0efc6e4cdf9f3809891710c5fb871eb8"
  integrity sha512-XYRC2RoLdxoGr/YC4j9Cxi0EBqcJCz2IgvmN1pMvJv6ouYqD2RM8SbwnjE8Ak5QP7P29lw9xGpuFMJ1BsrHfvg==
  dependencies:
    "@prisma/debug" "2.10.0-integration-query-engine-native-types.1"

debug@^4.1.1:
  version "4.2.0"
  resolved "https://registry.yarnpkg.com/debug/-/debug-4.2.0.tgz#7f150f93920e94c58f5574c2fd01a3110effe7f1"
  integrity sha512-IX2ncY78vDTjZMFUdmsvIRFY2Cf4FnD0wRs+nQwJU8Lu99/tPFdb0VybiiMTPe3I6rQmwsqQqRBvxU+bZ/I8sg==
  dependencies:
    ms "2.1.2"

ms@2.1.2:
  version "2.1.2"
  resolved "https://registry.yarnpkg.com/ms/-/ms-2.1.2.tgz#d09d1f357b443f493382a8eb3ccd183872ae6009"
  integrity sha512-sGkPx+VjMtmA6MX27oA4FBFELFCZZ4S4XqeGOXCv68tT+jb3vk/RyaKWP0PTKyWtmLSM0b+adUTEvbs1PEaH2w==
