# THIS IS AN AUTOGENERATED FILE. DO NOT EDIT THIS FILE DIRECTLY.
# yarn lockfile v1


"@prisma/cli@2.16.0-dev.68":
  version "2.16.0-dev.68"
  resolved "https://registry.yarnpkg.com/@prisma/cli/-/cli-2.16.0-dev.68.tgz#7122c0df95e262a4ada82abf30c7757719af78a4"
  integrity sha512-d0LvA/yLvOh39ABOGWAv1PcY7GlEoUnvrc66pRRlMAu/ncXypqWrOcu3LXP1ORU9ME4psnTU6o5JAiXm0dQvcg==
  dependencies:
    "@prisma/engines" "2.16.0-42.abf73b00c32ac832220839da2b8ec439b02e2519"

"@prisma/client@2.25.0-dev.46":
  version "2.25.0-dev.46"
  resolved "https://registry.yarnpkg.com/@prisma/client/-/client-2.25.0-dev.46.tgz#5a0060e0ccad31ed2be9742014be3a5c90fd96f0"
  integrity sha512-9RCstMvXk9L0ZRCNDcFVZGvz1fxY8Ji2mZv36o9Y+274JwrInOPzt9mXHqPWz1s5eZnzrYxSkJab2jsMH48heA==
  dependencies:
    "@prisma/engines-version" "2.25.0-36.c838e79f39885bc8e1611849b1eb28b5bb5bc922"

"@prisma/debug@2.25.0-dev.46":
  version "2.25.0-dev.46"
  resolved "https://registry.yarnpkg.com/@prisma/debug/-/debug-2.25.0-dev.46.tgz#aeecb91576f42fd871df611cc75266a030718782"
  integrity sha512-Ym1TIOcZqwe5f1Ed2ubAgRzGTI272MI7YnN1vtPQMSt+w6tuiDq+GYcH/gPAwzkhsixAcbhfm9by+cWN6YGeTQ==
  dependencies:
    debug "4.3.2"
    ms "^2.1.3"

"@prisma/engines-version@2.25.0-36.c838e79f39885bc8e1611849b1eb28b5bb5bc922":
  version "2.25.0-36.c838e79f39885bc8e1611849b1eb28b5bb5bc922"
  resolved "https://registry.yarnpkg.com/@prisma/engines-version/-/engines-version-2.25.0-36.c838e79f39885bc8e1611849b1eb28b5bb5bc922.tgz#b353576a97d0c1952fd4f4201189e845aaafbea8"
  integrity sha512-uZaonv3ZzLYAi99AooOe2BOBmb3k+ibVsJyZ5J3F6U1uFHTtTI9AVzC51mE09iNcgq3ZBt2CZNi5CDQZedMWyA==

"@prisma/engines@2.16.0-42.abf73b00c32ac832220839da2b8ec439b02e2519":
  version "2.16.0-42.abf73b00c32ac832220839da2b8ec439b02e2519"
  resolved "https://registry.yarnpkg.com/@prisma/engines/-/engines-2.16.0-42.abf73b00c32ac832220839da2b8ec439b02e2519.tgz#1e9f24c6f372f015253018b4a1a557557361c8f8"
  integrity sha512-03hX4ZIs6P0BPe/EoPEB6p7mPy4Rf9czUFr1FdfRWSnPk3ElAzCFieq04NDSsopuxHTK5UOesfyuYcElmymvuw==

"@prisma/get-platform@2.25.0-dev.46":
  version "2.25.0-dev.46"
  resolved "https://registry.yarnpkg.com/@prisma/get-platform/-/get-platform-2.25.0-dev.46.tgz#44352dffbf6da9972b1c01147ad819b92949e16d"
  integrity sha512-CpKmaXeYUSaiPBLczXRzivkqrwUISov/Ga489OuMMSTjJJYXMXj1yc/OytikoRu+KM0vTHo1HmsHo8wK9WxTOA==
  dependencies:
    "@prisma/debug" "2.25.0-dev.46"

date-fns@2.15.0:
  version "2.15.0"
  resolved "https://registry.yarnpkg.com/date-fns/-/date-fns-2.15.0.tgz#424de6b3778e4e69d3ff27046ec136af58ae5d5f"
  integrity sha512-ZCPzAMJZn3rNUvvQIMlXhDr4A+Ar07eLeGsGREoWU19a3Pqf5oYa+ccd+B3F6XVtQY6HANMFdOQ8A+ipFnvJdQ==

debug@4.3.2:
  version "4.3.2"
  resolved "https://registry.yarnpkg.com/debug/-/debug-4.3.2.tgz#f0a49c18ac8779e31d4a0c6029dfb76873c7428b"
  integrity sha512-mOp8wKcvj7XxC78zLgw/ZA+6TSgkoE2C/ienthhRD298T7UNwAg9diBpLRxC0mOezLl4B0xV7M0cCO6P/O0Xhw==
  dependencies:
    ms "2.1.2"

lodash@4.17.10:
  version "4.17.10"
  resolved "https://registry.yarnpkg.com/lodash/-/lodash-4.17.10.tgz#1b7793cf7259ea38fb3661d4d38b3260af8ae4e7"
  integrity sha512-UejweD1pDoXu+AD825lWwp4ZGtSwgnpZxb3JDViD7StjQz+Nb/6l093lx4OQ0foGWNRoc19mWy7BzL+UAK2iVg==

ms@2.1.2:
  version "2.1.2"
  resolved "https://registry.yarnpkg.com/ms/-/ms-2.1.2.tgz#d09d1f357b443f493382a8eb3ccd183872ae6009"
  integrity sha512-sGkPx+VjMtmA6MX27oA4FBFELFCZZ4S4XqeGOXCv68tT+jb3vk/RyaKWP0PTKyWtmLSM0b+adUTEvbs1PEaH2w==

ms@^2.1.3:
  version "2.1.3"
  resolved "https://registry.yarnpkg.com/ms/-/ms-2.1.3.tgz#574c8138ce1d2b5861f0b44579dbadd60c6615b2"
  integrity sha512-6FlzubTLZG3J2a/NVCAleEhjzq5oxgHyaCU9yYXvcLsvoVaHJq/s5xXI6/XXP6tz7R9xAOtHnSO/tXtF3WRTlA==
